github.com/JammUtkarsh/depth v0.0.0-20240208101935-105f6d4ba6ce h1:Lkywx8cIBvAm0n5MXzM+pqyUErXH9WB0UFf5XLI8EY4=
github.com/JammUtkarsh/depth v0.0.0-20240208101935-105f6d4ba6ce/go.mod h1:3hbdUt2C+JY9pfwx5yjL5/z7QraXUEprewjnTLrzAI8=
github.com/rs/cors v1.10.1 h1:L0uuZVXIKlI1SShY2nhFfo44TYvDPQ1w4oFkUJNfhyo=
github.com/rs/cors v1.10.1/go.mod h1:XyqrcTp5zjWr1wsJ8PIRZssZ8b/WMcMf71DJnit4EMU=
